// !$*UTF8*$!
{
	archiveVersion = 1;
	classes = {
	};
	objectVersion = 50;
	objects = {

/* Begin PBXBuildFile section */
		776E166326292E3E00E48F59 /* AppDelegate.swift in Sources */ = {isa = PBXBuildFile; fileRef = 776E166226292E3E00E48F59 /* AppDelegate.swift */; };
		776E166526292E3E00E48F59 /* SceneDelegate.swift in Sources */ = {isa = PBXBuildFile; fileRef = 776E166426292E3E00E48F59 /* SceneDelegate.swift */; };
		776E166726292E3E00E48F59 /* ContentView.swift in Sources */ = {isa = PBXBuildFile; fileRef = 776E166626292E3E00E48F59 /* ContentView.swift */; };
		776E166926292E4000E48F59 /* Assets.xcassets in Resources */ = {isa = PBXBuildFile; fileRef = 776E166826292E4000E48F59 /* Assets.xcassets */; };
		776E166C26292E4000E48F59 /* Preview Assets.xcassets in Resources */ = {isa = PBXBuildFile; fileRef = 776E166B26292E4000E48F59 /* Preview Assets.xcassets */; };
		776E166F26292E4000E48F59 /* LaunchScreen.storyboard in Resources */ = {isa = PBXBuildFile; fileRef = 776E166D26292E4000E48F59 /* LaunchScreen.storyboard */; };
		776E167A26292E4000E48F59 /* Evidenci_jspdTests.swift in Sources */ = {isa = PBXBuildFile; fileRef = 776E167926292E4000E48F59 /* Evidenci_jspdTests.swift */; };
		776E168526292E4000E48F59 /* Evidenci_jspdUITests.swift in Sources */ = {isa = PBXBuildFile; fileRef = 776E168426292E4000E48F59 /* Evidenci_jspdUITests.swift */; };
/* End PBXBuildFile section */

/* Begin PBXContainerItemProxy section */
		776E167626292E4000E48F59 /* PBXContainerItemProxy */ = {
			isa = PBXContainerItemProxy;
			containerPortal = 776E165726292E3E00E48F59 /* Project object */;
			proxyType = 1;
			remoteGlobalIDString = 776E165E26292E3E00E48F59;
			remoteInfo = "Evidenci jspd";
		};
		776E168126292E4000E48F59 /* PBXContainerItemProxy */ = {
			isa = PBXContainerItemProxy;
			containerPortal = 776E165726292E3E00E48F59 /* Project object */;
			proxyType = 1;
			remoteGlobalIDString = 776E165E26292E3E00E48F59;
			remoteInfo = "Evidenci jspd";
		};
/* End PBXContainerItemProxy section */

/* Begin PBXFileReference section */
		776E165F26292E3E00E48F59 /* Evidenci jspd.app */ = {isa = PBXFileReference; explicitFileType = wrapper.application; includeInIndex = 0; path = "Evidenci jspd.app"; sourceTree = BUILT_PRODUCTS_DIR; };
		776E166226292E3E00E48F59 /* AppDelegate.swift */ = {isa = PBXFileReference; lastKnownFileType = sourcecode.swift; path = AppDelegate.swift; sourceTree = "<group>"; };
		776E166426292E3E00E48F59 /* SceneDelegate.swift */ = {isa = PBXFileReference; lastKnownFileType = sourcecode.swift; path = SceneDelegate.swift; sourceTree = "<group>"; };
		776E166626292E3E00E48F59 /* ContentView.swift */ = {isa = PBXFileReference; lastKnownFileType = sourcecode.swift; path = ContentView.swift; sourceTree = "<group>"; };
		776E166826292E4000E48F59 /* Assets.xcassets */ = {isa = PBXFileReference; lastKnownFileType = folder.assetcatalog; path = Assets.xcassets; sourceTree = "<group>"; };
		776E166B26292E4000E48F59 /* Preview Assets.xcassets */ = {isa = PBXFileReference; lastKnownFileType = folder.assetcatalog; path = "Preview Assets.xcassets"; sourceTree = "<group>"; };
		776E166E26292E4000E48F59 /* Base */ = {isa = PBXFileReference; lastKnownFileType = file.storyboard; name = Base; path = Base.lproj/LaunchScreen.storyboard; sourceTree = "<group>"; };
		776E167026292E4000E48F59 /* Info.plist */ = {isa = PBXFileReference; lastKnownFileType = text.plist.xml; path = Info.plist; sourceTree = "<group>"; };
		776E167526292E4000E48F59 /* Evidenci jspdTests.xctest */ = {isa = PBXFileReference; explicitFileType = wrapper.cfbundle; includeInIndex = 0; path = "Evidenci jspdTests.xctest"; sourceTree = BUILT_PRODUCTS_DIR; };
		776E167926292E4000E48F59 /* Evidenci_jspdTests.swift */ = {isa = PBXFileReference; lastKnownFileType = sourcecode.swift; path = Evidenci_jspdTests.swift; sourceTree = "<group>"; };
		776E167B26292E4000E48F59 /* Info.plist */ = {isa = PBXFileReference; lastKnownFileType = text.plist.xml; path = Info.plist; sourceTree = "<group>"; };
		776E168026292E4000E48F59 /* Evidenci jspdUITests.xctest */ = {isa = PBXFileReference; explicitFileType = wrapper.cfbundle; includeInIndex = 0; path = "Evidenci jspdUITests.xctest"; sourceTree = BUILT_PRODUCTS_DIR; };
		776E168426292E4000E48F59 /* Evidenci_jspdUITests.swift */ = {isa = PBXFileReference; lastKnownFileType = sourcecode.swift; path = Evidenci_jspdUITests.swift; sourceTree = "<group>"; };
		776E168626292E4000E48F59 /* Info.plist */ = {isa = PBXFileReference; lastKnownFileType = text.plist.xml; path = Info.plist; sourceTree = "<group>"; };
/* End PBXFileReference section */

/* Begin PBXFrameworksBuildPhase section */
		776E165C26292E3E00E48F59 /* Frameworks */ = {
			isa = PBXFrameworksBuildPhase;
			buildActionMask = 2147483647;
			files = (
			);
			runOnlyForDeploymentPostprocessing = 0;
		};
		776E167226292E4000E48F59 /* Frameworks */ = {
			isa = PBXFrameworksBuildPhase;
			buildActionMask = 2147483647;
			files = (
			);
			runOnlyForDeploymentPostprocessing = 0;
		};
		776E167D26292E4000E48F59 /* Frameworks */ = {
			isa = PBXFrameworksBuildPhase;
			buildActionMask = 2147483647;
			files = (
			);
			runOnlyForDeploymentPostprocessing = 0;
		};
/* End PBXFrameworksBuildPhase section */

/* Begin PBXGroup section */
		776E165626292E3E00E48F59 = {
			isa = PBXGroup;
			children = (
				776E166126292E3E00E48F59 /* Evidenci jspd */,
				776E167826292E4000E48F59 /* Evidenci jspdTests */,
				776E168326292E4000E48F59 /* Evidenci jspdUITests */,
				776E166026292E3E00E48F59 /* Products */,
			);
			sourceTree = "<group>";
		};
		776E166026292E3E00E48F59 /* Products */ = {
			isa = PBXGroup;
			children = (
				776E165F26292E3E00E48F59 /* Evidenci jspd.app */,
				776E167526292E4000E48F59 /* Evidenci jspdTests.xctest */,
				776E168026292E4000E48F59 /* Evidenci jspdUITests.xctest */,
			);
			name = Products;
			sourceTree = "<group>";
		};
		776E166126292E3E00E48F59 /* Evidenci jspd */ = {
			isa = PBXGroup;
			children = (
				776E166226292E3E00E48F59 /* AppDelegate.swift */,
				776E166426292E3E00E48F59 /* SceneDelegate.swift */,
				776E166626292E3E00E48F59 /* ContentView.swift */,
				776E166826292E4000E48F59 /* Assets.xcassets */,
				776E166D26292E4000E48F59 /* LaunchScreen.storyboard */,
				776E167026292E4000E48F59 /* Info.plist */,
				776E166A26292E4000E48F59 /* Preview Content */,
			);
			path = "Evidenci jspd";
			sourceTree = "<group>";
		};
		776E166A26292E4000E48F59 /* Preview Content */ = {
			isa = PBXGroup;
			children = (
				776E166B26292E4000E48F59 /* Preview Assets.xcassets */,
			);
			path = "Preview Content";
			sourceTree = "<group>";
		};
		776E167826292E4000E48F59 /* Evidenci jspdTests */ = {
			isa = PBXGroup;
			children = (
				776E167926292E4000E48F59 /* Evidenci_jspdTests.swift */,
				776E167B26292E4000E48F59 /* Info.plist */,
			);
			path = "Evidenci jspdTests";
			sourceTree = "<group>";
		};
		776E168326292E4000E48F59 /* Evidenci jspdUITests */ = {
			isa = PBXGroup;
			children = (
				776E168426292E4000E48F59 /* Evidenci_jspdUITests.swift */,
				776E168626292E4000E48F59 /* Info.plist */,
			);
			path = "Evidenci jspdUITests";
			sourceTree = "<group>";
		};
/* End PBXGroup section */

/* Begin PBXNativeTarget section */
		776E165E26292E3E00E48F59 /* Evidenci jspd */ = {
			isa = PBXNativeTarget;
			buildConfigurationList = 776E168926292E4000E48F59 /* Build configuration list for PBXNativeTarget "Evidenci jspd" */;
			buildPhases = (
				776E165B26292E3E00E48F59 /* Sources */,
				776E165C26292E3E00E48F59 /* Frameworks */,
				776E165D26292E3E00E48F59 /* Resources */,
			);
			buildRules = (
			);
			dependencies = (
			);
			name = "Evidenci jspd";
			productName = "Evidenci jspd";
			productReference = 776E165F26292E3E00E48F59 /* Evidenci jspd.app */;
			productType = "com.apple.product-type.application";
		};
		776E167426292E4000E48F59 /* Evidenci jspdTests */ = {
			isa = PBXNativeTarget;
			buildConfigurationList = 776E168C26292E4000E48F59 /* Build configuration list for PBXNativeTarget "Evidenci jspdTests" */;
			buildPhases = (
				776E167126292E4000E48F59 /* Sources */,
				776E167226292E4000E48F59 /* Frameworks */,
				776E167326292E4000E48F59 /* Resources */,
			);
			buildRules = (
			);
			dependencies = (
				776E167726292E4000E48F59 /* PBXTargetDependency */,
			);
			name = "Evidenci jspdTests";
			productName = "Evidenci jspdTests";
			productReference = 776E167526292E4000E48F59 /* Evidenci jspdTests.xctest */;
			productType = "com.apple.product-type.bundle.unit-test";
		};
		776E167F26292E4000E48F59 /* Evidenci jspdUITests */ = {
			isa = PBXNativeTarget;
			buildConfigurationList = 776E168F26292E4000E48F59 /* Build configuration list for PBXNativeTarget "Evidenci jspdUITests" */;
			buildPhases = (
				776E167C26292E4000E48F59 /* Sources */,
				776E167D26292E4000E48F59 /* Frameworks */,
				776E167E26292E4000E48F59 /* Resources */,
			);
			buildRules = (
			);
			dependencies = (
				776E168226292E4000E48F59 /* PBXTargetDependency */,
			);
			name = "Evidenci jspdUITests";
			productName = "Evidenci jspdUITests";
			productReference = 776E168026292E4000E48F59 /* Evidenci jspdUITests.xctest */;
			productType = "com.apple.product-type.bundle.ui-testing";
		};
/* End PBXNativeTarget section */

/* Begin PBXProject section */
		776E165726292E3E00E48F59 /* Project object */ = {
			isa = PBXProject;
			attributes = {
				LastSwiftUpdateCheck = 1130;
				LastUpgradeCheck = 1130;
				ORGANIZATIONNAME = user182849;
				TargetAttributes = {
					776E165E26292E3E00E48F59 = {
						CreatedOnToolsVersion = 11.3.1;
					};
					776E167426292E4000E48F59 = {
						CreatedOnToolsVersion = 11.3.1;
						TestTargetID = 776E165E26292E3E00E48F59;
					};
					776E167F26292E4000E48F59 = {
						CreatedOnToolsVersion = 11.3.1;
						TestTargetID = 776E165E26292E3E00E48F59;
					};
				};
			};
			buildConfigurationList = 776E165A26292E3E00E48F59 /* Build configuration list for PBXProject "Evidenci jspd" */;
			compatibilityVersion = "Xcode 9.3";
			developmentRegion = en;
			hasScannedForEncodings = 0;
			knownRegions = (
				en,
				Base,
			);
			mainGroup = 776E165626292E3E00E48F59;
			productRefGroup = 776E166026292E3E00E48F59 /* Products */;
			projectDirPath = "";
			projectRoot = "";
			targets = (
				776E165E26292E3E00E48F59 /* Evidenci jspd */,
				776E167426292E4000E48F59 /* Evidenci jspdTests */,
				776E167F26292E4000E48F59 /* Evidenci jspdUITests */,
			);
		};
/* End PBXProject section */

/* Begin PBXResourcesBuildPhase section */
		776E165D26292E3E00E48F59 /* Resources */ = {
			isa = PBXResourcesBuildPhase;
			buildActionMask = 2147483647;
			files = (
				776E166F26292E4000E48F59 /* LaunchScreen.storyboard in Resources */,
				776E166C26292E4000E48F59 /* Preview Assets.xcassets in Resources */,
				776E166926292E4000E48F59 /* Assets.xcassets in Resources */,
			);
			runOnlyForDeploymentPostprocessing = 0;
		};
		776E167326292E4000E48F59 /* Resources */ = {
			isa = PBXResourcesBuildPhase;
			buildActionMask = 2147483647;
			files = (
			);
			runOnlyForDeploymentPostprocessing = 0;
		};
		776E167E26292E4000E48F59 /* Resources */ = {
			isa = PBXResourcesBuildPhase;
			buildActionMask = 2147483647;
			files = (
			);
			runOnlyForDeploymentPostprocessing = 0;
		};
/* End PBXResourcesBuildPhase section */

/* Begin PBXSourcesBuildPhase section */
		776E165B26292E3E00E48F59 /* Sources */ = {
			isa = PBXSourcesBuildPhase;
			buildActionMask = 2147483647;
			files = (
				776E166326292E3E00E48F59 /* AppDelegate.swift in Sources */,
				776E166526292E3E00E48F59 /* SceneDelegate.swift in Sources */,
				776E166726292E3E00E48F59 /* ContentView.swift in Sources */,
			);
			runOnlyForDeploymentPostprocessing = 0;
		};
		776E167126292E4000E48F59 /* Sources */ = {
			isa = PBXSourcesBuildPhase;
			buildActionMask = 2147483647;
			files = (
				776E167A26292E4000E48F59 /* Evidenci_jspdTests.swift in Sources */,
			);
			runOnlyForDeploymentPostprocessing = 0;
		};
		776E167C26292E4000E48F59 /* Sources */ = {
			isa = PBXSourcesBuildPhase;
			buildActionMask = 2147483647;
			files = (
				776E168526292E4000E48F59 /* Evidenci_jspdUITests.swift in Sources */,
			);
			runOnlyForDeploymentPostprocessing = 0;
		};
/* End PBXSourcesBuildPhase section */

/* Begin PBXTargetDependency section */
		776E167726292E4000E48F59 /* PBXTargetDependency */ = {
			isa = PBXTargetDependency;
			target = 776E165E26292E3E00E48F59 /* Evidenci jspd */;
			targetProxy = 776E167626292E4000E48F59 /* PBXContainerItemProxy */;
		};
		776E168226292E4000E48F59 /* PBXTargetDependency */ = {
			isa = PBXTargetDependency;
			target = 776E165E26292E3E00E48F59 /* Evidenci jspd */;
			targetProxy = 776E168126292E4000E48F59 /* PBXContainerItemProxy */;
		};
/* End PBXTargetDependency section */

/* Begin PBXVariantGroup section */
		776E166D26292E4000E48F59 /* LaunchScreen.storyboard */ = {
			isa = PBXVariantGroup;
			children = (
				776E166E26292E4000E48F59 /* Base */,
			);
			name = LaunchScreen.storyboard;
			sourceTree = "<group>";
		};
/* End PBXVariantGroup section */

/* Begin XCBuildConfiguration section */
		776E168726292E4000E48F59 /* Debug */ = {
			isa = XCBuildConfiguration;
			buildSettings = {
				ALWAYS_SEARCH_USER_PATHS = NO;
				CLANG_ANALYZER_NONNULL = YES;
				CLANG_ANALYZER_NUMBER_OBJECT_CONVERSION = YES_AGGRESSIVE;
				CLANG_CXX_LANGUAGE_STANDARD = "gnu++14";
				CLANG_CXX_LIBRARY = "libc++";
				CLANG_ENABLE_MODULES = YES;
				CLANG_ENABLE_OBJC_ARC = YES;
				CLANG_ENABLE_OBJC_WEAK = YES;
				CLANG_WARN_BLOCK_CAPTURE_AUTORELEASING = YES;
				CLANG_WARN_BOOL_CONVERSION = YES;
				CLANG_WARN_COMMA = YES;
				CLANG_WARN_CONSTANT_CONVERSION = YES;
				CLANG_WARN_DEPRECATED_OBJC_IMPLEMENTATIONS = YES;
				CLANG_WARN_DIRECT_OBJC_ISA_USAGE = YES_ERROR;
				CLANG_WARN_DOCUMENTATION_COMMENTS = YES;
				CLANG_WARN_EMPTY_BODY = YES;
				CLANG_WARN_ENUM_CONVERSION = YES;
				CLANG_WARN_INFINITE_RECURSION = YES;
				CLANG_WARN_INT_CONVERSION = YES;
				CLANG_WARN_NON_LITERAL_NULL_CONVERSION = YES;
				CLANG_WARN_OBJC_IMPLICIT_RETAIN_SELF = YES;
				CLANG_WARN_OBJC_LITERAL_CONVERSION = YES;
				CLANG_WARN_OBJC_ROOT_CLASS = YES_ERROR;
				CLANG_WARN_RANGE_LOOP_ANALYSIS = YES;
				CLANG_WARN_STRICT_PROTOTYPES = YES;
				CLANG_WARN_SUSPICIOUS_MOVE = YES;
				CLANG_WARN_UNGUARDED_AVAILABILITY = YES_AGGRESSIVE;
				CLANG_WARN_UNREACHABLE_CODE = YES;
				CLANG_WARN__DUPLICATE_METHOD_MATCH = YES;
				COPY_PHASE_STRIP = NO;
				DEBUG_INFORMATION_FORMAT = dwarf;
				ENABLE_STRICT_OBJC_MSGSEND = YES;
				ENABLE_TESTABILITY = YES;
				GCC_C_LANGUAGE_STANDARD = gnu11;
				GCC_DYNAMIC_NO_PIC = NO;
				GCC_NO_COMMON_BLOCKS = YES;
				GCC_OPTIMIZATION_LEVEL = 0;
				GCC_PREPROCESSOR_DEFINITIONS = (
					"DEBUG=1",
					"$(inherited)",
				);
				GCC_WARN_64_TO_32_BIT_CONVERSION = YES;
				GCC_WARN_ABOUT_RETURN_TYPE = YES_ERROR;
				GCC_WARN_UNDECLARED_SELECTOR = YES;
				GCC_WARN_UNINITIALIZED_AUTOS = YES_AGGRESSIVE;
				GCC_WARN_UNUSED_FUNCTION = YES;
				GCC_WARN_UNUSED_VARIABLE = YES;
				IPHONEOS_DEPLOYMENT_TARGET = 13.2;
				MTL_ENABLE_DEBUG_INFO = INCLUDE_SOURCE;
				MTL_FAST_MATH = YES;
				ONLY_ACTIVE_ARCH = YES;
				SDKROOT = iphoneos;
				SWIFT_ACTIVE_COMPILATION_CONDITIONS = DEBUG;
				SWIFT_OPTIMIZATION_LEVEL = "-Onone";
			};
			name = Debug;
		};
		776E168826292E4000E48F59 /* Release */ = {
			isa = XCBuildConfiguration;
			buildSettings = {
				ALWAYS_SEARCH_USER_PATHS = NO;
				CLANG_ANALYZER_NONNULL = YES;
				CLANG_ANALYZER_NUMBER_OBJECT_CONVERSION = YES_AGGRESSIVE;
				CLANG_CXX_LANGUAGE_STANDARD = "gnu++14";
				CLANG_CXX_LIBRARY = "libc++";
				CLANG_ENABLE_MODULES = YES;
				CLANG_ENABLE_OBJC_ARC = YES;
				CLANG_ENABLE_OBJC_WEAK = YES;
				CLANG_WARN_BLOCK_CAPTURE_AUTORELEASING = YES;
				CLANG_WARN_BOOL_CONVERSION = YES;
				CLANG_WARN_COMMA = YES;
				CLANG_WARN_CONSTANT_CONVERSION = YES;
				CLANG_WARN_DEPRECATED_OBJC_IMPLEMENTATIONS = YES;
				CLANG_WARN_DIRECT_OBJC_ISA_USAGE = YES_ERROR;
				CLANG_WARN_DOCUMENTATION_COMMENTS = YES;
				CLANG_WARN_EMPTY_BODY = YES;
				CLANG_WARN_ENUM_CONVERSION = YES;
				CLANG_WARN_INFINITE_RECURSION = YES;
				CLANG_WARN_INT_CONVERSION = YES;
				CLANG_WARN_NON_LITERAL_NULL_CONVERSION = YES;
				CLANG_WARN_OBJC_IMPLICIT_RETAIN_SELF = YES;
				CLANG_WARN_OBJC_LITERAL_CONVERSION = YES;
				CLANG_WARN_OBJC_ROOT_CLASS = YES_ERROR;
				CLANG_WARN_RANGE_LOOP_ANALYSIS = YES;
				CLANG_WARN_STRICT_PROTOTYPES = YES;
				CLANG_WARN_SUSPICIOUS_MOVE = YES;
				CLANG_WARN_UNGUARDED_AVAILABILITY = YES_AGGRESSIVE;
				CLANG_WARN_UNREACHABLE_CODE = YES;
				CLANG_WARN__DUPLICATE_METHOD_MATCH = YES;
				COPY_PHASE_STRIP = NO;
				DEBUG_INFORMATION_FORMAT = "dwarf-with-dsym";
				ENABLE_NS_ASSERTIONS = NO;
				ENABLE_STRICT_OBJC_MSGSEND = YES;
				GCC_C_LANGUAGE_STANDARD = gnu11;
				GCC_NO_COMMON_BLOCKS = YES;
				GCC_WARN_64_TO_32_BIT_CONVERSION = YES;
				GCC_WARN_ABOUT_RETURN_TYPE = YES_ERROR;
				GCC_WARN_UNDECLARED_SELECTOR = YES;
				GCC_WARN_UNINITIALIZED_AUTOS = YES_AGGRESSIVE;
				GCC_WARN_UNUSED_FUNCTION = YES;
				GCC_WARN_UNUSED_VARIABLE = YES;
				IPHONEOS_DEPLOYMENT_TARGET = 13.2;
				MTL_ENABLE_DEBUG_INFO = NO;
				MTL_FAST_MATH = YES;
				SDKROOT = iphoneos;
				SWIFT_COMPILATION_MODE = wholemodule;
				SWIFT_OPTIMIZATION_LEVEL = "-O";
				VALIDATE_PRODUCT = YES;
			};
			name = Release;
		};
		776E168A26292E4000E48F59 /* Debug */ = {
			isa = XCBuildConfiguration;
			buildSettings = {
				ASSETCATALOG_COMPILER_APPICON_NAME = AppIcon;
				CODE_SIGN_STYLE = Automatic;
				DEVELOPMENT_ASSET_PATHS = "\"Evidenci jspd/Preview Content\"";
				ENABLE_PREVIEWS = YES;
				INFOPLIST_FILE = "Evidenci jspd/Info.plist";
				LD_RUNPATH_SEARCH_PATHS = (
					"$(inherited)",
					"@executable_path/Frameworks",
				);
				PRODUCT_BUNDLE_IDENTIFIER = "tecmi.Evidenci-jspd";
				PRODUCT_NAME = "$(TARGET_NAME)";
				SWIFT_VERSION = 5.0;
				TARGETED_DEVICE_FAMILY = "1,2";
			};
			name = Debug;
		};
		776E168B26292E4000E48F59 /* Release */ = {
			isa = XCBuildConfiguration;
			buildSettings = {
				ASSETCATALOG_COMPILER_APPICON_NAME = AppIcon;
				CODE_SIGN_STYLE = Automatic;
				DEVELOPMENT_ASSET_PATHS = "\"Evidenci jspd/Preview Content\"";
				ENABLE_PREVIEWS = YES;
				INFOPLIST_FILE = "Evidenci jspd/Info.plist";
				LD_RUNPATH_SEARCH_PATHS = (
					"$(inherited)",
					"@executable_path/Frameworks",
				);
				PRODUCT_BUNDLE_IDENTIFIER = "tecmi.Evidenci-jspd";
				PRODUCT_NAME = "$(TARGET_NAME)";
				SWIFT_VERSION = 5.0;
				TARGETED_DEVICE_FAMILY = "1,2";
			};
			name = Release;
		};
		776E168D26292E4000E48F59 /* Debug */ = {
			isa = XCBuildConfiguration;
			buildSettings = {
				ALWAYS_EMBED_SWIFT_STANDARD_LIBRARIES = YES;
				BUNDLE_LOADER = "$(TEST_HOST)";
				CODE_SIGN_STYLE = Automatic;
				INFOPLIST_FILE = "Evidenci jspdTests/Info.plist";
				IPHONEOS_DEPLOYMENT_TARGET = 13.2;
				LD_RUNPATH_SEARCH_PATHS = (
					"$(inherited)",
					"@executable_path/Frameworks",
					"@loader_path/Frameworks",
				);
				PRODUCT_BUNDLE_IDENTIFIER = "tecmi.Evidenci-jspdTests";
				PRODUCT_NAME = "$(TARGET_NAME)";
				SWIFT_VERSION = 5.0;
				TARGETED_DEVICE_FAMILY = "1,2";
				TEST_HOST = "$(BUILT_PRODUCTS_DIR)/Evidenci jspd.app/Evidenci jspd";
			};
			name = Debug;
		};
		776E168E26292E4000E48F59 /* Release */ = {
			isa = XCBuildConfiguration;
			buildSettings = {
				ALWAYS_EMBED_SWIFT_STANDARD_LIBRARIES = YES;
				BUNDLE_LOADER = "$(TEST_HOST)";
				CODE_SIGN_STYLE = Automatic;
				INFOPLIST_FILE = "Evidenci jspdTests/Info.plist";
				IPHONEOS_DEPLOYMENT_TARGET = 13.2;
				LD_RUNPATH_SEARCH_PATHS = (
					"$(inherited)",
					"@executable_path/Frameworks",
					"@loader_path/Frameworks",
				);
				PRODUCT_BUNDLE_IDENTIFIER = "tecmi.Evidenci-jspdTests";
				PRODUCT_NAME = "$(TARGET_NAME)";
				SWIFT_VERSION = 5.0;
				TARGETED_DEVICE_FAMILY = "1,2";
				TEST_HOST = "$(BUILT_PRODUCTS_DIR)/Evidenci jspd.app/Evidenci jspd";
			};
			name = Release;
		};
		776E169026292E4000E48F59 /* Debug */ = {
			isa = XCBuildConfiguration;
			buildSettings = {
				ALWAYS_EMBED_SWIFT_STANDARD_LIBRARIES = YES;
				CODE_SIGN_STYLE = Automatic;
				INFOPLIST_FILE = "Evidenci jspdUITests/Info.plist";
				LD_RUNPATH_SEARCH_PATHS = (
					"$(inherited)",
					"@executable_path/Frameworks",
					"@loader_path/Frameworks",
				);
				PRODUCT_BUNDLE_IDENTIFIER = "tecmi.Evidenci-jspdUITests";
				PRODUCT_NAME = "$(TARGET_NAME)";
				SWIFT_VERSION = 5.0;
				TARGETED_DEVICE_FAMILY = "1,2";
				TEST_TARGET_NAME = "Evidenci jspd";
			};
			name = Debug;
		};
		776E169126292E4000E48F59 /* Release */ = {
			isa = XCBuildConfiguration;
			buildSettings = {
				ALWAYS_EMBED_SWIFT_STANDARD_LIBRARIES = YES;
				CODE_SIGN_STYLE = Automatic;
				INFOPLIST_FILE = "Evidenci jspdUITests/Info.plist";
				LD_RUNPATH_SEARCH_PATHS = (
					"$(inherited)",
					"@executable_path/Frameworks",
					"@loader_path/Frameworks",
				);
				PRODUCT_BUNDLE_IDENTIFIER = "tecmi.Evidenci-jspdUITests";
				PRODUCT_NAME = "$(TARGET_NAME)";
				SWIFT_VERSION = 5.0;
				TARGETED_DEVICE_FAMILY = "1,2";
				TEST_TARGET_NAME = "Evidenci jspd";
			};
			name = Release;
		};
/* End XCBuildConfiguration section */

/* Begin XCConfigurationList section */
		776E165A26292E3E00E48F59 /* Build configuration list for PBXProject "Evidenci jspd" */ = {
			isa = XCConfigurationList;
			buildConfigurations = (
				776E168726292E4000E48F59 /* Debug */,
				776E168826292E4000E48F59 /* Release */,
			);
			defaultConfigurationIsVisible = 0;
			defaultConfigurationName = Release;
		};
		776E168926292E4000E48F59 /* Build configuration list for PBXNativeTarget "Evidenci jspd" */ = {
			isa = XCConfigurationList;
			buildConfigurations = (
				776E168A26292E4000E48F59 /* Debug */,
				776E168B26292E4000E48F59 /* Release */,
			);
			defaultConfigurationIsVisible = 0;
			defaultConfigurationName = Release;
		};
		776E168C26292E4000E48F59 /* Build configuration list for PBXNativeTarget "Evidenci jspdTests" */ = {
			isa = XCConfigurationList;
			buildConfigurations = (
				776E168D26292E4000E48F59 /* Debug */,
				776E168E26292E4000E48F59 /* Release */,
			);
			defaultConfigurationIsVisible = 0;
			defaultConfigurationName = Release;
		};
		776E168F26292E4000E48F59 /* Build configuration list for PBXNativeTarget "Evidenci jspdUITests" */ = {
			isa = XCConfigurationList;
			buildConfigurations = (
				776E169026292E4000E48F59 /* Debug */,
				776E169126292E4000E48F59 /* Release */,
			);
			defaultConfigurationIsVisible = 0;
			defaultConfigurationName = Release;
		};
/* End XCConfigurationList section */
	};
	rootObject = 776E165726292E3E00E48F59 /* Project object */;
}
