// !$*UTF8*$!
{
	archiveVersion = 1;
	classes = {
	};
	objectVersion = 50;
	objects = {

/* Begin PBXBuildFile section */
		770493CA26312315000B3363 /* AppDelegate.swift in Sources */ = {isa = PBXBuildFile; fileRef = 770493C926312315000B3363 /* AppDelegate.swift */; };
		770493CC26312315000B3363 /* SceneDelegate.swift in Sources */ = {isa = PBXBuildFile; fileRef = 770493CB26312315000B3363 /* SceneDelegate.swift */; };
		770493CE26312315000B3363 /* ContentView.swift in Sources */ = {isa = PBXBuildFile; fileRef = 770493CD26312315000B3363 /* ContentView.swift */; };
		770493D026312317000B3363 /* Assets.xcassets in Resources */ = {isa = PBXBuildFile; fileRef = 770493CF26312317000B3363 /* Assets.xcassets */; };
		770493D326312317000B3363 /* Preview Assets.xcassets in Resources */ = {isa = PBXBuildFile; fileRef = 770493D226312317000B3363 /* Preview Assets.xcassets */; };
		770493D626312317000B3363 /* LaunchScreen.storyboard in Resources */ = {isa = PBXBuildFile; fileRef = 770493D426312317000B3363 /* LaunchScreen.storyboard */; };
		770493E126312317000B3363 /* Actividad_11_jspdTests.swift in Sources */ = {isa = PBXBuildFile; fileRef = 770493E026312317000B3363 /* Actividad_11_jspdTests.swift */; };
		770493EC26312317000B3363 /* Actividad_11_jspdUITests.swift in Sources */ = {isa = PBXBuildFile; fileRef = 770493EB26312317000B3363 /* Actividad_11_jspdUITests.swift */; };
/* End PBXBuildFile section */

/* Begin PBXContainerItemProxy section */
		770493DD26312317000B3363 /* PBXContainerItemProxy */ = {
			isa = PBXContainerItemProxy;
			containerPortal = 770493BE26312315000B3363 /* Project object */;
			proxyType = 1;
			remoteGlobalIDString = 770493C526312315000B3363;
			remoteInfo = "Actividad 11 jspd";
		};
		770493E826312317000B3363 /* PBXContainerItemProxy */ = {
			isa = PBXContainerItemProxy;
			containerPortal = 770493BE26312315000B3363 /* Project object */;
			proxyType = 1;
			remoteGlobalIDString = 770493C526312315000B3363;
			remoteInfo = "Actividad 11 jspd";
		};
/* End PBXContainerItemProxy section */

/* Begin PBXFileReference section */
		770493C626312315000B3363 /* Actividad 11 jspd.app */ = {isa = PBXFileReference; explicitFileType = wrapper.application; includeInIndex = 0; path = "Actividad 11 jspd.app"; sourceTree = BUILT_PRODUCTS_DIR; };
		770493C926312315000B3363 /* AppDelegate.swift */ = {isa = PBXFileReference; lastKnownFileType = sourcecode.swift; path = AppDelegate.swift; sourceTree = "<group>"; };
		770493CB26312315000B3363 /* SceneDelegate.swift */ = {isa = PBXFileReference; lastKnownFileType = sourcecode.swift; path = SceneDelegate.swift; sourceTree = "<group>"; };
		770493CD26312315000B3363 /* ContentView.swift */ = {isa = PBXFileReference; lastKnownFileType = sourcecode.swift; path = ContentView.swift; sourceTree = "<group>"; };
		770493CF26312317000B3363 /* Assets.xcassets */ = {isa = PBXFileReference; lastKnownFileType = folder.assetcatalog; path = Assets.xcassets; sourceTree = "<group>"; };
		770493D226312317000B3363 /* Preview Assets.xcassets */ = {isa = PBXFileReference; lastKnownFileType = folder.assetcatalog; path = "Preview Assets.xcassets"; sourceTree = "<group>"; };
		770493D526312317000B3363 /* Base */ = {isa = PBXFileReference; lastKnownFileType = file.storyboard; name = Base; path = Base.lproj/LaunchScreen.storyboard; sourceTree = "<group>"; };
		770493D726312317000B3363 /* Info.plist */ = {isa = PBXFileReference; lastKnownFileType = text.plist.xml; path = Info.plist; sourceTree = "<group>"; };
		770493DC26312317000B3363 /* Actividad 11 jspdTests.xctest */ = {isa = PBXFileReference; explicitFileType = wrapper.cfbundle; includeInIndex = 0; path = "Actividad 11 jspdTests.xctest"; sourceTree = BUILT_PRODUCTS_DIR; };
		770493E026312317000B3363 /* Actividad_11_jspdTests.swift */ = {isa = PBXFileReference; lastKnownFileType = sourcecode.swift; path = Actividad_11_jspdTests.swift; sourceTree = "<group>"; };
		770493E226312317000B3363 /* Info.plist */ = {isa = PBXFileReference; lastKnownFileType = text.plist.xml; path = Info.plist; sourceTree = "<group>"; };
		770493E726312317000B3363 /* Actividad 11 jspdUITests.xctest */ = {isa = PBXFileReference; explicitFileType = wrapper.cfbundle; includeInIndex = 0; path = "Actividad 11 jspdUITests.xctest"; sourceTree = BUILT_PRODUCTS_DIR; };
		770493EB26312317000B3363 /* Actividad_11_jspdUITests.swift */ = {isa = PBXFileReference; lastKnownFileType = sourcecode.swift; path = Actividad_11_jspdUITests.swift; sourceTree = "<group>"; };
		770493ED26312317000B3363 /* Info.plist */ = {isa = PBXFileReference; lastKnownFileType = text.plist.xml; path = Info.plist; sourceTree = "<group>"; };
/* End PBXFileReference section */

/* Begin PBXFrameworksBuildPhase section */
		770493C326312315000B3363 /* Frameworks */ = {
			isa = PBXFrameworksBuildPhase;
			buildActionMask = 2147483647;
			files = (
			);
			runOnlyForDeploymentPostprocessing = 0;
		};
		770493D926312317000B3363 /* Frameworks */ = {
			isa = PBXFrameworksBuildPhase;
			buildActionMask = 2147483647;
			files = (
			);
			runOnlyForDeploymentPostprocessing = 0;
		};
		770493E426312317000B3363 /* Frameworks */ = {
			isa = PBXFrameworksBuildPhase;
			buildActionMask = 2147483647;
			files = (
			);
			runOnlyForDeploymentPostprocessing = 0;
		};
/* End PBXFrameworksBuildPhase section */

/* Begin PBXGroup section */
		770493BD26312315000B3363 = {
			isa = PBXGroup;
			children = (
				770493C826312315000B3363 /* Actividad 11 jspd */,
				770493DF26312317000B3363 /* Actividad 11 jspdTests */,
				770493EA26312317000B3363 /* Actividad 11 jspdUITests */,
				770493C726312315000B3363 /* Products */,
			);
			sourceTree = "<group>";
		};
		770493C726312315000B3363 /* Products */ = {
			isa = PBXGroup;
			children = (
				770493C626312315000B3363 /* Actividad 11 jspd.app */,
				770493DC26312317000B3363 /* Actividad 11 jspdTests.xctest */,
				770493E726312317000B3363 /* Actividad 11 jspdUITests.xctest */,
			);
			name = Products;
			sourceTree = "<group>";
		};
		770493C826312315000B3363 /* Actividad 11 jspd */ = {
			isa = PBXGroup;
			children = (
				770493C926312315000B3363 /* AppDelegate.swift */,
				770493CB26312315000B3363 /* SceneDelegate.swift */,
				770493CD26312315000B3363 /* ContentView.swift */,
				770493CF26312317000B3363 /* Assets.xcassets */,
				770493D426312317000B3363 /* LaunchScreen.storyboard */,
				770493D726312317000B3363 /* Info.plist */,
				770493D126312317000B3363 /* Preview Content */,
			);
			path = "Actividad 11 jspd";
			sourceTree = "<group>";
		};
		770493D126312317000B3363 /* Preview Content */ = {
			isa = PBXGroup;
			children = (
				770493D226312317000B3363 /* Preview Assets.xcassets */,
			);
			path = "Preview Content";
			sourceTree = "<group>";
		};
		770493DF26312317000B3363 /* Actividad 11 jspdTests */ = {
			isa = PBXGroup;
			children = (
				770493E026312317000B3363 /* Actividad_11_jspdTests.swift */,
				770493E226312317000B3363 /* Info.plist */,
			);
			path = "Actividad 11 jspdTests";
			sourceTree = "<group>";
		};
		770493EA26312317000B3363 /* Actividad 11 jspdUITests */ = {
			isa = PBXGroup;
			children = (
				770493EB26312317000B3363 /* Actividad_11_jspdUITests.swift */,
				770493ED26312317000B3363 /* Info.plist */,
			);
			path = "Actividad 11 jspdUITests";
			sourceTree = "<group>";
		};
/* End PBXGroup section */

/* Begin PBXNativeTarget section */
		770493C526312315000B3363 /* Actividad 11 jspd */ = {
			isa = PBXNativeTarget;
			buildConfigurationList = 770493F026312317000B3363 /* Build configuration list for PBXNativeTarget "Actividad 11 jspd" */;
			buildPhases = (
				770493C226312315000B3363 /* Sources */,
				770493C326312315000B3363 /* Frameworks */,
				770493C426312315000B3363 /* Resources */,
			);
			buildRules = (
			);
			dependencies = (
			);
			name = "Actividad 11 jspd";
			productName = "Actividad 11 jspd";
			productReference = 770493C626312315000B3363 /* Actividad 11 jspd.app */;
			productType = "com.apple.product-type.application";
		};
		770493DB26312317000B3363 /* Actividad 11 jspdTests */ = {
			isa = PBXNativeTarget;
			buildConfigurationList = 770493F326312317000B3363 /* Build configuration list for PBXNativeTarget "Actividad 11 jspdTests" */;
			buildPhases = (
				770493D826312317000B3363 /* Sources */,
				770493D926312317000B3363 /* Frameworks */,
				770493DA26312317000B3363 /* Resources */,
			);
			buildRules = (
			);
			dependencies = (
				770493DE26312317000B3363 /* PBXTargetDependency */,
			);
			name = "Actividad 11 jspdTests";
			productName = "Actividad 11 jspdTests";
			productReference = 770493DC26312317000B3363 /* Actividad 11 jspdTests.xctest */;
			productType = "com.apple.product-type.bundle.unit-test";
		};
		770493E626312317000B3363 /* Actividad 11 jspdUITests */ = {
			isa = PBXNativeTarget;
			buildConfigurationList = 770493F626312317000B3363 /* Build configuration list for PBXNativeTarget "Actividad 11 jspdUITests" */;
			buildPhases = (
				770493E326312317000B3363 /* Sources */,
				770493E426312317000B3363 /* Frameworks */,
				770493E526312317000B3363 /* Resources */,
			);
			buildRules = (
			);
			dependencies = (
				770493E926312317000B3363 /* PBXTargetDependency */,
			);
			name = "Actividad 11 jspdUITests";
			productName = "Actividad 11 jspdUITests";
			productReference = 770493E726312317000B3363 /* Actividad 11 jspdUITests.xctest */;
			productType = "com.apple.product-type.bundle.ui-testing";
		};
/* End PBXNativeTarget section */

/* Begin PBXProject section */
		770493BE26312315000B3363 /* Project object */ = {
			isa = PBXProject;
			attributes = {
				LastSwiftUpdateCheck = 1130;
				LastUpgradeCheck = 1130;
				ORGANIZATIONNAME = user182849;
				TargetAttributes = {
					770493C526312315000B3363 = {
						CreatedOnToolsVersion = 11.3.1;
					};
					770493DB26312317000B3363 = {
						CreatedOnToolsVersion = 11.3.1;
						TestTargetID = 770493C526312315000B3363;
					};
					770493E626312317000B3363 = {
						CreatedOnToolsVersion = 11.3.1;
						TestTargetID = 770493C526312315000B3363;
					};
				};
			};
			buildConfigurationList = 770493C126312315000B3363 /* Build configuration list for PBXProject "Actividad 11 jspd" */;
			compatibilityVersion = "Xcode 9.3";
			developmentRegion = en;
			hasScannedForEncodings = 0;
			knownRegions = (
				en,
				Base,
			);
			mainGroup = 770493BD26312315000B3363;
			productRefGroup = 770493C726312315000B3363 /* Products */;
			projectDirPath = "";
			projectRoot = "";
			targets = (
				770493C526312315000B3363 /* Actividad 11 jspd */,
				770493DB26312317000B3363 /* Actividad 11 jspdTests */,
				770493E626312317000B3363 /* Actividad 11 jspdUITests */,
			);
		};
/* End PBXProject section */

/* Begin PBXResourcesBuildPhase section */
		770493C426312315000B3363 /* Resources */ = {
			isa = PBXResourcesBuildPhase;
			buildActionMask = 2147483647;
			files = (
				770493D626312317000B3363 /* LaunchScreen.storyboard in Resources */,
				770493D326312317000B3363 /* Preview Assets.xcassets in Resources */,
				770493D026312317000B3363 /* Assets.xcassets in Resources */,
			);
			runOnlyForDeploymentPostprocessing = 0;
		};
		770493DA26312317000B3363 /* Resources */ = {
			isa = PBXResourcesBuildPhase;
			buildActionMask = 2147483647;
			files = (
			);
			runOnlyForDeploymentPostprocessing = 0;
		};
		770493E526312317000B3363 /* Resources */ = {
			isa = PBXResourcesBuildPhase;
			buildActionMask = 2147483647;
			files = (
			);
			runOnlyForDeploymentPostprocessing = 0;
		};
/* End PBXResourcesBuildPhase section */

/* Begin PBXSourcesBuildPhase section */
		770493C226312315000B3363 /* Sources */ = {
			isa = PBXSourcesBuildPhase;
			buildActionMask = 2147483647;
			files = (
				770493CA26312315000B3363 /* AppDelegate.swift in Sources */,
				770493CC26312315000B3363 /* SceneDelegate.swift in Sources */,
				770493CE26312315000B3363 /* ContentView.swift in Sources */,
			);
			runOnlyForDeploymentPostprocessing = 0;
		};
		770493D826312317000B3363 /* Sources */ = {
			isa = PBXSourcesBuildPhase;
			buildActionMask = 2147483647;
			files = (
				770493E126312317000B3363 /* Actividad_11_jspdTests.swift in Sources */,
			);
			runOnlyForDeploymentPostprocessing = 0;
		};
		770493E326312317000B3363 /* Sources */ = {
			isa = PBXSourcesBuildPhase;
			buildActionMask = 2147483647;
			files = (
				770493EC26312317000B3363 /* Actividad_11_jspdUITests.swift in Sources */,
			);
			runOnlyForDeploymentPostprocessing = 0;
		};
/* End PBXSourcesBuildPhase section */

/* Begin PBXTargetDependency section */
		770493DE26312317000B3363 /* PBXTargetDependency */ = {
			isa = PBXTargetDependency;
			target = 770493C526312315000B3363 /* Actividad 11 jspd */;
			targetProxy = 770493DD26312317000B3363 /* PBXContainerItemProxy */;
		};
		770493E926312317000B3363 /* PBXTargetDependency */ = {
			isa = PBXTargetDependency;
			target = 770493C526312315000B3363 /* Actividad 11 jspd */;
			targetProxy = 770493E826312317000B3363 /* PBXContainerItemProxy */;
		};
/* End PBXTargetDependency section */

/* Begin PBXVariantGroup section */
		770493D426312317000B3363 /* LaunchScreen.storyboard */ = {
			isa = PBXVariantGroup;
			children = (
				770493D526312317000B3363 /* Base */,
			);
			name = LaunchScreen.storyboard;
			sourceTree = "<group>";
		};
/* End PBXVariantGroup section */

/* Begin XCBuildConfiguration section */
		770493EE26312317000B3363 /* Debug */ = {
			isa = XCBuildConfiguration;
			buildSettings = {
				ALWAYS_SEARCH_USER_PATHS = NO;
				CLANG_ANALYZER_NONNULL = YES;
				CLANG_ANALYZER_NUMBER_OBJECT_CONVERSION = YES_AGGRESSIVE;
				CLANG_CXX_LANGUAGE_STANDARD = "gnu++14";
				CLANG_CXX_LIBRARY = "libc++";
				CLANG_ENABLE_MODULES = YES;
				CLANG_ENABLE_OBJC_ARC = YES;
				CLANG_ENABLE_OBJC_WEAK = YES;
				CLANG_WARN_BLOCK_CAPTURE_AUTORELEASING = YES;
				CLANG_WARN_BOOL_CONVERSION = YES;
				CLANG_WARN_COMMA = YES;
				CLANG_WARN_CONSTANT_CONVERSION = YES;
				CLANG_WARN_DEPRECATED_OBJC_IMPLEMENTATIONS = YES;
				CLANG_WARN_DIRECT_OBJC_ISA_USAGE = YES_ERROR;
				CLANG_WARN_DOCUMENTATION_COMMENTS = YES;
				CLANG_WARN_EMPTY_BODY = YES;
				CLANG_WARN_ENUM_CONVERSION = YES;
				CLANG_WARN_INFINITE_RECURSION = YES;
				CLANG_WARN_INT_CONVERSION = YES;
				CLANG_WARN_NON_LITERAL_NULL_CONVERSION = YES;
				CLANG_WARN_OBJC_IMPLICIT_RETAIN_SELF = YES;
				CLANG_WARN_OBJC_LITERAL_CONVERSION = YES;
				CLANG_WARN_OBJC_ROOT_CLASS = YES_ERROR;
				CLANG_WARN_RANGE_LOOP_ANALYSIS = YES;
				CLANG_WARN_STRICT_PROTOTYPES = YES;
				CLANG_WARN_SUSPICIOUS_MOVE = YES;
				CLANG_WARN_UNGUARDED_AVAILABILITY = YES_AGGRESSIVE;
				CLANG_WARN_UNREACHABLE_CODE = YES;
				CLANG_WARN__DUPLICATE_METHOD_MATCH = YES;
				COPY_PHASE_STRIP = NO;
				DEBUG_INFORMATION_FORMAT = dwarf;
				ENABLE_STRICT_OBJC_MSGSEND = YES;
				ENABLE_TESTABILITY = YES;
				GCC_C_LANGUAGE_STANDARD = gnu11;
				GCC_DYNAMIC_NO_PIC = NO;
				GCC_NO_COMMON_BLOCKS = YES;
				GCC_OPTIMIZATION_LEVEL = 0;
				GCC_PREPROCESSOR_DEFINITIONS = (
					"DEBUG=1",
					"$(inherited)",
				);
				GCC_WARN_64_TO_32_BIT_CONVERSION = YES;
				GCC_WARN_ABOUT_RETURN_TYPE = YES_ERROR;
				GCC_WARN_UNDECLARED_SELECTOR = YES;
				GCC_WARN_UNINITIALIZED_AUTOS = YES_AGGRESSIVE;
				GCC_WARN_UNUSED_FUNCTION = YES;
				GCC_WARN_UNUSED_VARIABLE = YES;
				IPHONEOS_DEPLOYMENT_TARGET = 13.2;
				MTL_ENABLE_DEBUG_INFO = INCLUDE_SOURCE;
				MTL_FAST_MATH = YES;
				ONLY_ACTIVE_ARCH = YES;
				SDKROOT = iphoneos;
				SWIFT_ACTIVE_COMPILATION_CONDITIONS = DEBUG;
				SWIFT_OPTIMIZATION_LEVEL = "-Onone";
			};
			name = Debug;
		};
		770493EF26312317000B3363 /* Release */ = {
			isa = XCBuildConfiguration;
			buildSettings = {
				ALWAYS_SEARCH_USER_PATHS = NO;
				CLANG_ANALYZER_NONNULL = YES;
				CLANG_ANALYZER_NUMBER_OBJECT_CONVERSION = YES_AGGRESSIVE;
				CLANG_CXX_LANGUAGE_STANDARD = "gnu++14";
				CLANG_CXX_LIBRARY = "libc++";
				CLANG_ENABLE_MODULES = YES;
				CLANG_ENABLE_OBJC_ARC = YES;
				CLANG_ENABLE_OBJC_WEAK = YES;
				CLANG_WARN_BLOCK_CAPTURE_AUTORELEASING = YES;
				CLANG_WARN_BOOL_CONVERSION = YES;
				CLANG_WARN_COMMA = YES;
				CLANG_WARN_CONSTANT_CONVERSION = YES;
				CLANG_WARN_DEPRECATED_OBJC_IMPLEMENTATIONS = YES;
				CLANG_WARN_DIRECT_OBJC_ISA_USAGE = YES_ERROR;
				CLANG_WARN_DOCUMENTATION_COMMENTS = YES;
				CLANG_WARN_EMPTY_BODY = YES;
				CLANG_WARN_ENUM_CONVERSION = YES;
				CLANG_WARN_INFINITE_RECURSION = YES;
				CLANG_WARN_INT_CONVERSION = YES;
				CLANG_WARN_NON_LITERAL_NULL_CONVERSION = YES;
				CLANG_WARN_OBJC_IMPLICIT_RETAIN_SELF = YES;
				CLANG_WARN_OBJC_LITERAL_CONVERSION = YES;
				CLANG_WARN_OBJC_ROOT_CLASS = YES_ERROR;
				CLANG_WARN_RANGE_LOOP_ANALYSIS = YES;
				CLANG_WARN_STRICT_PROTOTYPES = YES;
				CLANG_WARN_SUSPICIOUS_MOVE = YES;
				CLANG_WARN_UNGUARDED_AVAILABILITY = YES_AGGRESSIVE;
				CLANG_WARN_UNREACHABLE_CODE = YES;
				CLANG_WARN__DUPLICATE_METHOD_MATCH = YES;
				COPY_PHASE_STRIP = NO;
				DEBUG_INFORMATION_FORMAT = "dwarf-with-dsym";
				ENABLE_NS_ASSERTIONS = NO;
				ENABLE_STRICT_OBJC_MSGSEND = YES;
				GCC_C_LANGUAGE_STANDARD = gnu11;
				GCC_NO_COMMON_BLOCKS = YES;
				GCC_WARN_64_TO_32_BIT_CONVERSION = YES;
				GCC_WARN_ABOUT_RETURN_TYPE = YES_ERROR;
				GCC_WARN_UNDECLARED_SELECTOR = YES;
				GCC_WARN_UNINITIALIZED_AUTOS = YES_AGGRESSIVE;
				GCC_WARN_UNUSED_FUNCTION = YES;
				GCC_WARN_UNUSED_VARIABLE = YES;
				IPHONEOS_DEPLOYMENT_TARGET = 13.2;
				MTL_ENABLE_DEBUG_INFO = NO;
				MTL_FAST_MATH = YES;
				SDKROOT = iphoneos;
				SWIFT_COMPILATION_MODE = wholemodule;
				SWIFT_OPTIMIZATION_LEVEL = "-O";
				VALIDATE_PRODUCT = YES;
			};
			name = Release;
		};
		770493F126312317000B3363 /* Debug */ = {
			isa = XCBuildConfiguration;
			buildSettings = {
				ASSETCATALOG_COMPILER_APPICON_NAME = AppIcon;
				CODE_SIGN_STYLE = Automatic;
				DEVELOPMENT_ASSET_PATHS = "\"Actividad 11 jspd/Preview Content\"";
				ENABLE_PREVIEWS = YES;
				INFOPLIST_FILE = "Actividad 11 jspd/Info.plist";
				LD_RUNPATH_SEARCH_PATHS = (
					"$(inherited)",
					"@executable_path/Frameworks",
				);
				PRODUCT_BUNDLE_IDENTIFIER = "tecmi.Actividad-11-jspd";
				PRODUCT_NAME = "$(TARGET_NAME)";
				SWIFT_VERSION = 5.0;
				TARGETED_DEVICE_FAMILY = "1,2";
			};
			name = Debug;
		};
		770493F226312317000B3363 /* Release */ = {
			isa = XCBuildConfiguration;
			buildSettings = {
				ASSETCATALOG_COMPILER_APPICON_NAME = AppIcon;
				CODE_SIGN_STYLE = Automatic;
				DEVELOPMENT_ASSET_PATHS = "\"Actividad 11 jspd/Preview Content\"";
				ENABLE_PREVIEWS = YES;
				INFOPLIST_FILE = "Actividad 11 jspd/Info.plist";
				LD_RUNPATH_SEARCH_PATHS = (
					"$(inherited)",
					"@executable_path/Frameworks",
				);
				PRODUCT_BUNDLE_IDENTIFIER = "tecmi.Actividad-11-jspd";
				PRODUCT_NAME = "$(TARGET_NAME)";
				SWIFT_VERSION = 5.0;
				TARGETED_DEVICE_FAMILY = "1,2";
			};
			name = Release;
		};
		770493F426312317000B3363 /* Debug */ = {
			isa = XCBuildConfiguration;
			buildSettings = {
				ALWAYS_EMBED_SWIFT_STANDARD_LIBRARIES = YES;
				BUNDLE_LOADER = "$(TEST_HOST)";
				CODE_SIGN_STYLE = Automatic;
				INFOPLIST_FILE = "Actividad 11 jspdTests/Info.plist";
				IPHONEOS_DEPLOYMENT_TARGET = 13.2;
				LD_RUNPATH_SEARCH_PATHS = (
					"$(inherited)",
					"@executable_path/Frameworks",
					"@loader_path/Frameworks",
				);
				PRODUCT_BUNDLE_IDENTIFIER = "tecmi.Actividad-11-jspdTests";
				PRODUCT_NAME = "$(TARGET_NAME)";
				SWIFT_VERSION = 5.0;
				TARGETED_DEVICE_FAMILY = "1,2";
				TEST_HOST = "$(BUILT_PRODUCTS_DIR)/Actividad 11 jspd.app/Actividad 11 jspd";
			};
			name = Debug;
		};
		770493F526312317000B3363 /* Release */ = {
			isa = XCBuildConfiguration;
			buildSettings = {
				ALWAYS_EMBED_SWIFT_STANDARD_LIBRARIES = YES;
				BUNDLE_LOADER = "$(TEST_HOST)";
				CODE_SIGN_STYLE = Automatic;
				INFOPLIST_FILE = "Actividad 11 jspdTests/Info.plist";
				IPHONEOS_DEPLOYMENT_TARGET = 13.2;
				LD_RUNPATH_SEARCH_PATHS = (
					"$(inherited)",
					"@executable_path/Frameworks",
					"@loader_path/Frameworks",
				);
				PRODUCT_BUNDLE_IDENTIFIER = "tecmi.Actividad-11-jspdTests";
				PRODUCT_NAME = "$(TARGET_NAME)";
				SWIFT_VERSION = 5.0;
				TARGETED_DEVICE_FAMILY = "1,2";
				TEST_HOST = "$(BUILT_PRODUCTS_DIR)/Actividad 11 jspd.app/Actividad 11 jspd";
			};
			name = Release;
		};
		770493F726312317000B3363 /* Debug */ = {
			isa = XCBuildConfiguration;
			buildSettings = {
				ALWAYS_EMBED_SWIFT_STANDARD_LIBRARIES = YES;
				CODE_SIGN_STYLE = Automatic;
				INFOPLIST_FILE = "Actividad 11 jspdUITests/Info.plist";
				LD_RUNPATH_SEARCH_PATHS = (
					"$(inherited)",
					"@executable_path/Frameworks",
					"@loader_path/Frameworks",
				);
				PRODUCT_BUNDLE_IDENTIFIER = "tecmi.Actividad-11-jspdUITests";
				PRODUCT_NAME = "$(TARGET_NAME)";
				SWIFT_VERSION = 5.0;
				TARGETED_DEVICE_FAMILY = "1,2";
				TEST_TARGET_NAME = "Actividad 11 jspd";
			};
			name = Debug;
		};
		770493F826312317000B3363 /* Release */ = {
			isa = XCBuildConfiguration;
			buildSettings = {
				ALWAYS_EMBED_SWIFT_STANDARD_LIBRARIES = YES;
				CODE_SIGN_STYLE = Automatic;
				INFOPLIST_FILE = "Actividad 11 jspdUITests/Info.plist";
				LD_RUNPATH_SEARCH_PATHS = (
					"$(inherited)",
					"@executable_path/Frameworks",
					"@loader_path/Frameworks",
				);
				PRODUCT_BUNDLE_IDENTIFIER = "tecmi.Actividad-11-jspdUITests";
				PRODUCT_NAME = "$(TARGET_NAME)";
				SWIFT_VERSION = 5.0;
				TARGETED_DEVICE_FAMILY = "1,2";
				TEST_TARGET_NAME = "Actividad 11 jspd";
			};
			name = Release;
		};
/* End XCBuildConfiguration section */

/* Begin XCConfigurationList section */
		770493C126312315000B3363 /* Build configuration list for PBXProject "Actividad 11 jspd" */ = {
			isa = XCConfigurationList;
			buildConfigurations = (
				770493EE26312317000B3363 /* Debug */,
				770493EF26312317000B3363 /* Release */,
			);
			defaultConfigurationIsVisible = 0;
			defaultConfigurationName = Release;
		};
		770493F026312317000B3363 /* Build configuration list for PBXNativeTarget "Actividad 11 jspd" */ = {
			isa = XCConfigurationList;
			buildConfigurations = (
				770493F126312317000B3363 /* Debug */,
				770493F226312317000B3363 /* Release */,
			);
			defaultConfigurationIsVisible = 0;
			defaultConfigurationName = Release;
		};
		770493F326312317000B3363 /* Build configuration list for PBXNativeTarget "Actividad 11 jspdTests" */ = {
			isa = XCConfigurationList;
			buildConfigurations = (
				770493F426312317000B3363 /* Debug */,
				770493F526312317000B3363 /* Release */,
			);
			defaultConfigurationIsVisible = 0;
			defaultConfigurationName = Release;
		};
		770493F626312317000B3363 /* Build configuration list for PBXNativeTarget "Actividad 11 jspdUITests" */ = {
			isa = XCConfigurationList;
			buildConfigurations = (
				770493F726312317000B3363 /* Debug */,
				770493F826312317000B3363 /* Release */,
			);
			defaultConfigurationIsVisible = 0;
			defaultConfigurationName = Release;
		};
/* End XCConfigurationList section */
	};
	rootObject = 770493BE26312315000B3363 /* Project object */;
}
