// !$*UTF8*$!
{
	archiveVersion = 1;
	classes = {
	};
	objectVersion = 46;
	objects = {

/* Begin PBXBuildFile section */
		A4A0218B1CED825700A9BE8B /* AppDelegate.swift in Sources */ = {isa = PBXBuildFile; fileRef = A4A0218A1CED825700A9BE8B /* AppDelegate.swift */; };
		A4A0218F1CED825700A9BE8B /* GameScene.swift in Sources */ = {isa = PBXBuildFile; fileRef = A4A0218E1CED825700A9BE8B /* GameScene.swift */; };
		A4A021911CED825700A9BE8B /* GameViewController.swift in Sources */ = {isa = PBXBuildFile; fileRef = A4A021901CED825700A9BE8B /* GameViewController.swift */; };
		A4A021941CED825700A9BE8B /* Main.storyboard in Resources */ = {isa = PBXBuildFile; fileRef = A4A021921CED825700A9BE8B /* Main.storyboard */; };
		A4A021961CED825700A9BE8B /* Assets.xcassets in Resources */ = {isa = PBXBuildFile; fileRef = A4A021951CED825700A9BE8B /* Assets.xcassets */; };
		A4A021991CED825700A9BE8B /* LaunchScreen.storyboard in Resources */ = {isa = PBXBuildFile; fileRef = A4A021971CED825700A9BE8B /* LaunchScreen.storyboard */; };
/* End PBXBuildFile section */

/* Begin PBXFileReference section */
		A4A021871CED825700A9BE8B /* Juego2.app */ = {isa = PBXFileReference; explicitFileType = wrapper.application; includeInIndex = 0; path = Juego2.app; sourceTree = BUILT_PRODUCTS_DIR; };
		A4A0218A1CED825700A9BE8B /* AppDelegate.swift */ = {isa = PBXFileReference; lastKnownFileType = sourcecode.swift; path = AppDelegate.swift; sourceTree = "<group>"; };
		A4A0218E1CED825700A9BE8B /* GameScene.swift */ = {isa = PBXFileReference; lastKnownFileType = sourcecode.swift; path = GameScene.swift; sourceTree = "<group>"; };
		A4A021901CED825700A9BE8B /* GameViewController.swift */ = {isa = PBXFileReference; lastKnownFileType = sourcecode.swift; path = GameViewController.swift; sourceTree = "<group>"; };
		A4A021931CED825700A9BE8B /* Base */ = {isa = PBXFileReference; lastKnownFileType = file.storyboard; name = Base; path = Base.lproj/Main.storyboard; sourceTree = "<group>"; };
		A4A021951CED825700A9BE8B /* Assets.xcassets */ = {isa = PBXFileReference; lastKnownFileType = folder.assetcatalog; path = Assets.xcassets; sourceTree = "<group>"; };
		A4A021981CED825700A9BE8B /* Base */ = {isa = PBXFileReference; lastKnownFileType = file.storyboard; name = Base; path = Base.lproj/LaunchScreen.storyboard; sourceTree = "<group>"; };
		A4A0219A1CED825700A9BE8B /* Info.plist */ = {isa = PBXFileReference; lastKnownFileType = text.plist.xml; path = Info.plist; sourceTree = "<group>"; };
/* End PBXFileReference section */

/* Begin PBXFrameworksBuildPhase section */
		A4A021841CED825700A9BE8B /* Frameworks */ = {
			isa = PBXFrameworksBuildPhase;
			buildActionMask = 2147483647;
			files = (
			);
			runOnlyForDeploymentPostprocessing = 0;
		};
/* End PBXFrameworksBuildPhase section */

/* Begin PBXGroup section */
		A4A0217E1CED825700A9BE8B = {
			isa = PBXGroup;
			children = (
				A4A021891CED825700A9BE8B /* Juego2 */,
				A4A021881CED825700A9BE8B /* Products */,
			);
			sourceTree = "<group>";
		};
		A4A021881CED825700A9BE8B /* Products */ = {
			isa = PBXGroup;
			children = (
				A4A021871CED825700A9BE8B /* Juego2.app */,
			);
			name = Products;
			sourceTree = "<group>";
		};
		A4A021891CED825700A9BE8B /* Juego2 */ = {
			isa = PBXGroup;
			children = (
				A4A0218A1CED825700A9BE8B /* AppDelegate.swift */,
				A4A0218E1CED825700A9BE8B /* GameScene.swift */,
				A4A021901CED825700A9BE8B /* GameViewController.swift */,
				A4A021921CED825700A9BE8B /* Main.storyboard */,
				A4A021951CED825700A9BE8B /* Assets.xcassets */,
				A4A021971CED825700A9BE8B /* LaunchScreen.storyboard */,
				A4A0219A1CED825700A9BE8B /* Info.plist */,
			);
			path = Juego2;
			sourceTree = "<group>";
		};
/* End PBXGroup section */

/* Begin PBXNativeTarget section */
		A4A021861CED825700A9BE8B /* Juego2 */ = {
			isa = PBXNativeTarget;
			buildConfigurationList = A4A0219D1CED825700A9BE8B /* Build configuration list for PBXNativeTarget "Juego2" */;
			buildPhases = (
				A4A021831CED825700A9BE8B /* Sources */,
				A4A021841CED825700A9BE8B /* Frameworks */,
				A4A021851CED825700A9BE8B /* Resources */,
			);
			buildRules = (
			);
			dependencies = (
			);
			name = Juego2;
			productName = Juego2;
			productReference = A4A021871CED825700A9BE8B /* Juego2.app */;
			productType = "com.apple.product-type.application";
		};
/* End PBXNativeTarget section */

/* Begin PBXProject section */
		A4A0217F1CED825700A9BE8B /* Project object */ = {
			isa = PBXProject;
			attributes = {
				LastSwiftUpdateCheck = 0730;
				LastUpgradeCheck = 1130;
				ORGANIZATIONNAME = codepix;
				TargetAttributes = {
					A4A021861CED825700A9BE8B = {
						CreatedOnToolsVersion = 7.3.1;
					};
				};
			};
			buildConfigurationList = A4A021821CED825700A9BE8B /* Build configuration list for PBXProject "Juego2" */;
			compatibilityVersion = "Xcode 3.2";
			developmentRegion = en;
			hasScannedForEncodings = 0;
			knownRegions = (
				en,
				Base,
			);
			mainGroup = A4A0217E1CED825700A9BE8B;
			productRefGroup = A4A021881CED825700A9BE8B /* Products */;
			projectDirPath = "";
			projectRoot = "";
			targets = (
				A4A021861CED825700A9BE8B /* Juego2 */,
			);
		};
/* End PBXProject section */

/* Begin PBXResourcesBuildPhase section */
		A4A021851CED825700A9BE8B /* Resources */ = {
			isa = PBXResourcesBuildPhase;
			buildActionMask = 2147483647;
			files = (
				A4A021991CED825700A9BE8B /* LaunchScreen.storyboard in Resources */,
				A4A021961CED825700A9BE8B /* Assets.xcassets in Resources */,
				A4A021941CED825700A9BE8B /* Main.storyboard in Resources */,
			);
			runOnlyForDeploymentPostprocessing = 0;
		};
/* End PBXResourcesBuildPhase section */

/* Begin PBXSourcesBuildPhase section */
		A4A021831CED825700A9BE8B /* Sources */ = {
			isa = PBXSourcesBuildPhase;
			buildActionMask = 2147483647;
			files = (
				A4A0218F1CED825700A9BE8B /* GameScene.swift in Sources */,
				A4A021911CED825700A9BE8B /* GameViewController.swift in Sources */,
				A4A0218B1CED825700A9BE8B /* AppDelegate.swift in Sources */,
			);
			runOnlyForDeploymentPostprocessing = 0;
		};
/* End PBXSourcesBuildPhase section */

/* Begin PBXVariantGroup section */
		A4A021921CED825700A9BE8B /* Main.storyboard */ = {
			isa = PBXVariantGroup;
			children = (
				A4A021931CED825700A9BE8B /* Base */,
			);
			name = Main.storyboard;
			sourceTree = "<group>";
		};
		A4A021971CED825700A9BE8B /* LaunchScreen.storyboard */ = {
			isa = PBXVariantGroup;
			children = (
				A4A021981CED825700A9BE8B /* Base */,
			);
			name = LaunchScreen.storyboard;
			sourceTree = "<group>";
		};
/* End PBXVariantGroup section */

/* Begin XCBuildConfiguration section */
		A4A0219B1CED825700A9BE8B /* Debug */ = {
			isa = XCBuildConfiguration;
			buildSettings = {
				ALWAYS_SEARCH_USER_PATHS = NO;
				CLANG_ANALYZER_NONNULL = YES;
				CLANG_CXX_LANGUAGE_STANDARD = "gnu++0x";
				CLANG_CXX_LIBRARY = "libc++";
				CLANG_ENABLE_MODULES = YES;
				CLANG_ENABLE_OBJC_ARC = YES;
				CLANG_WARN_BLOCK_CAPTURE_AUTORELEASING = YES;
				CLANG_WARN_BOOL_CONVERSION = YES;
				CLANG_WARN_COMMA = YES;
				CLANG_WARN_CONSTANT_CONVERSION = YES;
				CLANG_WARN_DEPRECATED_OBJC_IMPLEMENTATIONS = YES;
				CLANG_WARN_DIRECT_OBJC_ISA_USAGE = YES_ERROR;
				CLANG_WARN_EMPTY_BODY = YES;
				CLANG_WARN_ENUM_CONVERSION = YES;
				CLANG_WARN_INFINITE_RECURSION = YES;
				CLANG_WARN_INT_CONVERSION = YES;
				CLANG_WARN_NON_LITERAL_NULL_CONVERSION = YES;
				CLANG_WARN_OBJC_IMPLICIT_RETAIN_SELF = YES;
				CLANG_WARN_OBJC_LITERAL_CONVERSION = YES;
				CLANG_WARN_OBJC_ROOT_CLASS = YES_ERROR;
				CLANG_WARN_RANGE_LOOP_ANALYSIS = YES;
				CLANG_WARN_STRICT_PROTOTYPES = YES;
				CLANG_WARN_SUSPICIOUS_MOVE = YES;
				CLANG_WARN_UNREACHABLE_CODE = YES;
				CLANG_WARN__DUPLICATE_METHOD_MATCH = YES;
				"CODE_SIGN_IDENTITY[sdk=iphoneos*]" = "iPhone Developer";
				COPY_PHASE_STRIP = NO;
				DEBUG_INFORMATION_FORMAT = "dwarf-with-dsym";
				ENABLE_STRICT_OBJC_MSGSEND = YES;
				ENABLE_TESTABILITY = YES;
				GCC_C_LANGUAGE_STANDARD = gnu99;
				GCC_DYNAMIC_NO_PIC = NO;
				GCC_NO_COMMON_BLOCKS = YES;
				GCC_OPTIMIZATION_LEVEL = 0;
				GCC_PREPROCESSOR_DEFINITIONS = (
					"DEBUG=1",
					"$(inherited)",
				);
				GCC_WARN_64_TO_32_BIT_CONVERSION = YES;
				GCC_WARN_ABOUT_RETURN_TYPE = YES_ERROR;
				GCC_WARN_UNDECLARED_SELECTOR = YES;
				GCC_WARN_UNINITIALIZED_AUTOS = YES_AGGRESSIVE;
				GCC_WARN_UNUSED_FUNCTION = YES;
				GCC_WARN_UNUSED_VARIABLE = YES;
				IPHONEOS_DEPLOYMENT_TARGET = 9.3;
				MTL_ENABLE_DEBUG_INFO = YES;
				ONLY_ACTIVE_ARCH = YES;
				SDKROOT = iphoneos;
				SWIFT_OPTIMIZATION_LEVEL = "-Onone";
			};
			name = Debug;
		};
		A4A0219C1CED825700A9BE8B /* Release */ = {
			isa = XCBuildConfiguration;
			buildSettings = {
				ALWAYS_SEARCH_USER_PATHS = NO;
				CLANG_ANALYZER_NONNULL = YES;
				CLANG_CXX_LANGUAGE_STANDARD = "gnu++0x";
				CLANG_CXX_LIBRARY = "libc++";
				CLANG_ENABLE_MODULES = YES;
				CLANG_ENABLE_OBJC_ARC = YES;
				CLANG_WARN_BLOCK_CAPTURE_AUTORELEASING = YES;
				CLANG_WARN_BOOL_CONVERSION = YES;
				CLANG_WARN_COMMA = YES;
				CLANG_WARN_CONSTANT_CONVERSION = YES;
				CLANG_WARN_DEPRECATED_OBJC_IMPLEMENTATIONS = YES;
				CLANG_WARN_DIRECT_OBJC_ISA_USAGE = YES_ERROR;
				CLANG_WARN_EMPTY_BODY = YES;
				CLANG_WARN_ENUM_CONVERSION = YES;
				CLANG_WARN_INFINITE_RECURSION = YES;
				CLANG_WARN_INT_CONVERSION = YES;
				CLANG_WARN_NON_LITERAL_NULL_CONVERSION = YES;
				CLANG_WARN_OBJC_IMPLICIT_RETAIN_SELF = YES;
				CLANG_WARN_OBJC_LITERAL_CONVERSION = YES;
				CLANG_WARN_OBJC_ROOT_CLASS = YES_ERROR;
				CLANG_WARN_RANGE_LOOP_ANALYSIS = YES;
				CLANG_WARN_STRICT_PROTOTYPES = YES;
				CLANG_WARN_SUSPICIOUS_MOVE = YES;
				CLANG_WARN_UNREACHABLE_CODE = YES;
				CLANG_WARN__DUPLICATE_METHOD_MATCH = YES;
				"CODE_SIGN_IDENTITY[sdk=iphoneos*]" = "iPhone Developer";
				COPY_PHASE_STRIP = NO;
				DEBUG_INFORMATION_FORMAT = "dwarf-with-dsym";
				ENABLE_NS_ASSERTIONS = NO;
				ENABLE_STRICT_OBJC_MSGSEND = YES;
				GCC_C_LANGUAGE_STANDARD = gnu99;
				GCC_NO_COMMON_BLOCKS = YES;
				GCC_WARN_64_TO_32_BIT_CONVERSION = YES;
				GCC_WARN_ABOUT_RETURN_TYPE = YES_ERROR;
				GCC_WARN_UNDECLARED_SELECTOR = YES;
				GCC_WARN_UNINITIALIZED_AUTOS = YES_AGGRESSIVE;
				GCC_WARN_UNUSED_FUNCTION = YES;
				GCC_WARN_UNUSED_VARIABLE = YES;
				IPHONEOS_DEPLOYMENT_TARGET = 9.3;
				MTL_ENABLE_DEBUG_INFO = NO;
				SDKROOT = iphoneos;
				SWIFT_COMPILATION_MODE = wholemodule;
				VALIDATE_PRODUCT = YES;
			};
			name = Release;
		};
		A4A0219E1CED825700A9BE8B /* Debug */ = {
			isa = XCBuildConfiguration;
			buildSettings = {
				ASSETCATALOG_COMPILER_APPICON_NAME = AppIcon;
				INFOPLIST_FILE = Juego2/Info.plist;
				LD_RUNPATH_SEARCH_PATHS = "$(inherited) @executable_path/Frameworks";
				PRODUCT_BUNDLE_IDENTIFIER = alicharlie.mx.Juego2;
				PRODUCT_NAME = "$(TARGET_NAME)";
			};
			name = Debug;
		};
		A4A0219F1CED825700A9BE8B /* Release */ = {
			isa = XCBuildConfiguration;
			buildSettings = {
				ASSETCATALOG_COMPILER_APPICON_NAME = AppIcon;
				INFOPLIST_FILE = Juego2/Info.plist;
				LD_RUNPATH_SEARCH_PATHS = "$(inherited) @executable_path/Frameworks";
				PRODUCT_BUNDLE_IDENTIFIER = alicharlie.mx.Juego2;
				PRODUCT_NAME = "$(TARGET_NAME)";
			};
			name = Release;
		};
/* End XCBuildConfiguration section */

/* Begin XCConfigurationList section */
		A4A021821CED825700A9BE8B /* Build configuration list for PBXProject "Juego2" */ = {
			isa = XCConfigurationList;
			buildConfigurations = (
				A4A0219B1CED825700A9BE8B /* Debug */,
				A4A0219C1CED825700A9BE8B /* Release */,
			);
			defaultConfigurationIsVisible = 0;
			defaultConfigurationName = Release;
		};
		A4A0219D1CED825700A9BE8B /* Build configuration list for PBXNativeTarget "Juego2" */ = {
			isa = XCConfigurationList;
			buildConfigurations = (
				A4A0219E1CED825700A9BE8B /* Debug */,
				A4A0219F1CED825700A9BE8B /* Release */,
			);
			defaultConfigurationIsVisible = 0;
			defaultConfigurationName = Release;
		};
/* End XCConfigurationList section */
	};
	rootObject = A4A0217F1CED825700A9BE8B /* Project object */;
}
